
Microsoft Visual Studio Solution File, Format Version 12.00
# Visual Studio Version 16
VisualStudioVersion = 16.0.30621.155
MinimumVisualStudioVersion = 10.0.40219.1
Project("{FAE04EC0-301F-11D3-BF4B-00C04F79EFBC}") = "BanHangEntityClient", "BanHangEntityClient\BanHangEntityClient.csproj", "{AE60D70C-93FB-4630-96E3-CD494489CB01}"
EndProject
Project("{9A19103F-16F7-4668-BE54-9A1E7A4F7556}") = "QuanLyBanHang", "QuanLyBanHang\QuanLyBanHang.csproj", "{F9291231-0D6D-491C-9F7D-11A36BC4B92C}"
EndProject
Global
	GlobalSection(SolutionConfigurationPlatforms) = preSolution
		Debug|Any CPU = Debug|Any CPU
		Release|Any CPU = Release|Any CPU
	EndGlobalSection
	GlobalSection(ProjectConfigurationPlatforms) = postSolution
		{AE60D70C-93FB-4630-96E3-CD494489CB01}.Debug|Any CPU.ActiveCfg = Debug|Any CPU
		{AE60D70C-93FB-4630-96E3-CD494489CB01}.Debug|Any CPU.Build.0 = Debug|Any CPU
		{AE60D70C-93FB-4630-96E3-CD494489CB01}.Release|Any CPU.ActiveCfg = Release|Any CPU
		{AE60D70C-93FB-4630-96E3-CD494489CB01}.Release|Any CPU.Build.0 = Release|Any CPU
		{F9291231-0D6D-491C-9F7D-11A36BC4B92C}.Debug|Any CPU.ActiveCfg = Debug|Any CPU
		{F9291231-0D6D-491C-9F7D-11A36BC4B92C}.Debug|Any CPU.Build.0 = Debug|Any CPU
		{F9291231-0D6D-491C-9F7D-11A36BC4B92C}.Release|Any CPU.ActiveCfg = Release|Any CPU
		{F9291231-0D6D-491C-9F7D-11A36BC4B92C}.Release|Any CPU.Build.0 = Release|Any CPU
	EndGlobalSection
	GlobalSection(SolutionProperties) = preSolution
		HideSolutionNode = FALSE
	EndGlobalSection
	GlobalSection(ExtensibilityGlobals) = postSolution
		SolutionGuid = {41E1E7BD-EAE6-4B02-AF1A-C4B2C6BE23ED}
	EndGlobalSection
EndGlobal
